
Microsoft Visual Studio Solution File, Format Version 12.00
# Visual Studio Version 17
VisualStudioVersion = 17.8.34330.188
MinimumVisualStudioVersion = 10.0.40219.1
Project("{9A19103F-16F7-4668-BE54-9A1E7A4F7556}") = "library", "Library\library.csproj", "{AD2FFF92-6C42-4685-BBA8-52BBFD8C73E8}"
EndProject
Project("{9A19103F-16F7-4668-BE54-9A1E7A4F7556}") = "DataBaseHelperSQLite", "DataBaseHelperSQLite\DataBaseHelperSQLite.csproj", "{8E35ECA9-0037-4DCB-8239-2C4AC0446B1A}"
EndProject
Project("{9A19103F-16F7-4668-BE54-9A1E7A4F7556}") = "XUnitTest", "XUnitTest\XUnitTest.csproj", "{B87FC8BD-6674-4F94-8DF3-78228AD00A04}"
EndProject
Project("{2150E333-8FDC-42A3-9474-1A3956D46DE8}") = "Элементы решения", "Элементы решения", "{66245A23-3BF1-4C80-AB3C-52CDDDA94656}"
	ProjectSection(SolutionItems) = preProject
		Catalogsdata.db = Catalogsdata.db
	EndProjectSection
EndProject
Global
	GlobalSection(SolutionConfigurationPlatforms) = preSolution
		Debug|Any CPU = Debug|Any CPU
		Release|Any CPU = Release|Any CPU
	EndGlobalSection
	GlobalSection(ProjectConfigurationPlatforms) = postSolution
		{AD2FFF92-6C42-4685-BBA8-52BBFD8C73E8}.Debug|Any CPU.ActiveCfg = Debug|Any CPU
		{AD2FFF92-6C42-4685-BBA8-52BBFD8C73E8}.Debug|Any CPU.Build.0 = Debug|Any CPU
		{AD2FFF92-6C42-4685-BBA8-52BBFD8C73E8}.Release|Any CPU.ActiveCfg = Release|Any CPU
		{AD2FFF92-6C42-4685-BBA8-52BBFD8C73E8}.Release|Any CPU.Build.0 = Release|Any CPU
		{8E35ECA9-0037-4DCB-8239-2C4AC0446B1A}.Debug|Any CPU.ActiveCfg = Debug|Any CPU
		{8E35ECA9-0037-4DCB-8239-2C4AC0446B1A}.Debug|Any CPU.Build.0 = Debug|Any CPU
		{8E35ECA9-0037-4DCB-8239-2C4AC0446B1A}.Release|Any CPU.ActiveCfg = Release|Any CPU
		{8E35ECA9-0037-4DCB-8239-2C4AC0446B1A}.Release|Any CPU.Build.0 = Release|Any CPU
		{B87FC8BD-6674-4F94-8DF3-78228AD00A04}.Debug|Any CPU.ActiveCfg = Debug|Any CPU
		{B87FC8BD-6674-4F94-8DF3-78228AD00A04}.Debug|Any CPU.Build.0 = Debug|Any CPU
		{B87FC8BD-6674-4F94-8DF3-78228AD00A04}.Release|Any CPU.ActiveCfg = Release|Any CPU
		{B87FC8BD-6674-4F94-8DF3-78228AD00A04}.Release|Any CPU.Build.0 = Release|Any CPU
	EndGlobalSection
	GlobalSection(SolutionProperties) = preSolution
		HideSolutionNode = FALSE
	EndGlobalSection
	GlobalSection(ExtensibilityGlobals) = postSolution
		SolutionGuid = {B5EE168F-5AAC-46C3-9E11-10A51D34D1BB}
	EndGlobalSection
EndGlobal
